
Microsoft Visual Studio Solution File, Format Version 12.00
# Visual Studio Version 16
VisualStudioVersion = 16.0.31105.61
MinimumVisualStudioVersion = 10.0.40219.1
Project("{2150E333-8FDC-42A3-9474-1A3956D46DE8}") = "Services", "Services", "{D1A193B4-3F7E-481F-AE87-C868C69D7F9A}"
EndProject
Project("{2150E333-8FDC-42A3-9474-1A3956D46DE8}") = "Catalog", "Catalog", "{4823F013-B896-40A1-A415-D4EDAA6B6B83}"
EndProject
Project("{2150E333-8FDC-42A3-9474-1A3956D46DE8}") = "Solution Items", "Solution Items", "{B8503EA3-13C1-4F86-8037-BC047054BC98}"
	ProjectSection(SolutionItems) = preProject
		Port.txt = Port.txt
	EndProjectSection
EndProject
Project("{2150E333-8FDC-42A3-9474-1A3956D46DE8}") = "Shared", "Shared", "{75BDC28E-F270-49C9-BD89-27EB3861ABB7}"
EndProject
Project("{9A19103F-16F7-4668-BE54-9A1E7A4F7556}") = "FreeCourse.Shared", "Shared\Course.Shared\FreeCourse.Shared.csproj", "{65D07D27-30BF-49F5-B228-ED89882AA828}"
EndProject
Project("{9A19103F-16F7-4668-BE54-9A1E7A4F7556}") = "FreeCourse.Service.Catalog", "Services\Catalog\FreeCourse.Service.Catalog\FreeCourse.Service.Catalog.csproj", "{B9C4ED0B-96D7-493E-98CF-F7F52087B901}"
EndProject
Project("{2150E333-8FDC-42A3-9474-1A3956D46DE8}") = "IdentityServer", "IdentityServer", "{986036E8-5DB0-4033-A57A-3D0B7C78172A}"
EndProject
Project("{9A19103F-16F7-4668-BE54-9A1E7A4F7556}") = "FreeCourse.IdentityServer", "IdentityServer\FreeCourse.IdentityServer\FreeCourse.IdentityServer.csproj", "{15CBB3D4-D9B9-438B-85DC-8BD315F2C4A8}"
EndProject
Project("{2150E333-8FDC-42A3-9474-1A3956D46DE8}") = "PhotoStock", "PhotoStock", "{83C6D869-1484-4789-A76B-CC5C5E05FCD4}"
EndProject
Project("{9A19103F-16F7-4668-BE54-9A1E7A4F7556}") = "FreeCourse.Services.PhotoStock", "Services\PhotoStock\FreeCourse.Services.PhotoStock\FreeCourse.Services.PhotoStock.csproj", "{9D7EA1EC-DEE2-4F9B-BE09-28BA99CBA07F}"
EndProject
Project("{2150E333-8FDC-42A3-9474-1A3956D46DE8}") = "Basket", "Basket", "{F900F37C-A086-4DF4-BEBF-47A55E9AD265}"
EndProject
Project("{9A19103F-16F7-4668-BE54-9A1E7A4F7556}") = "FreeCourse.Services.Basket", "Services\Basket\FreeCourse.Services.Basket\FreeCourse.Services.Basket.csproj", "{0DEF6E37-F921-494A-A759-2F427FCFAF85}"
EndProject
Project("{2150E333-8FDC-42A3-9474-1A3956D46DE8}") = "Discount", "Discount", "{3929FFAF-6B8D-494F-924C-D13F38517BBD}"
EndProject
Project("{9A19103F-16F7-4668-BE54-9A1E7A4F7556}") = "FreeCourse.Services.Discount", "Services\Discount\FreeCourse.Services.Discount\FreeCourse.Services.Discount.csproj", "{5301D0C4-9751-427E-921A-E66475F54F4C}"
EndProject
Project("{2150E333-8FDC-42A3-9474-1A3956D46DE8}") = "Order", "Order", "{FF6DE3C0-2355-4A38-B63C-061A3B7EBEDA}"
EndProject
Project("{FAE04EC0-301F-11D3-BF4B-00C04F79EFBC}") = "FreeCourse.Services.Order.API", "Services\Order\FreeCourse.Services.Order.API\FreeCourse.Services.Order.API.csproj", "{5B4D7D3A-2458-49DB-B68E-7D2822CFCA44}"
EndProject
Project("{FAE04EC0-301F-11D3-BF4B-00C04F79EFBC}") = "FreeCourse.Services.Order.Application", "Services\Order\FreeCourse.Services.Order.Application\FreeCourse.Services.Order.Application.csproj", "{56CDF128-E559-48F8-A31E-BB86C2B6DEEB}"
EndProject
Project("{FAE04EC0-301F-11D3-BF4B-00C04F79EFBC}") = "FreeCourse.Services.Order.Domain", "Services\Order\FreeCourse.Services.Order.Domain\FreeCourse.Services.Order.Domain.csproj", "{8219DE61-15C7-409B-B531-41D87A3BB09E}"
EndProject
Project("{FAE04EC0-301F-11D3-BF4B-00C04F79EFBC}") = "FreeCourse.Services.Order.Domain.Core", "Services\Order\FreeCourse.Services.Order.Domain.Core\FreeCourse.Services.Order.Domain.Core.csproj", "{7A69D985-A1D3-4CB8-B542-392B8DC3F71A}"
EndProject
Project("{FAE04EC0-301F-11D3-BF4B-00C04F79EFBC}") = "FreeCourse.Services.Order.Infrastructure", "Services\Order\FreeCourse.Services.Order.Infrastructure\FreeCourse.Services.Order.Infrastructure.csproj", "{2C7CB321-3AF6-4984-B4A0-0842B3AEB55C}"
EndProject
Project("{2150E333-8FDC-42A3-9474-1A3956D46DE8}") = "FakePayment", "FakePayment", "{830DFF5D-0F17-4583-9390-E86BFBEEF302}"
EndProject
Project("{FAE04EC0-301F-11D3-BF4B-00C04F79EFBC}") = "FreeCourse.Services.FakePayment", "Services\FakePayment\FreeCourse.Services.FakePayment\FreeCourse.Services.FakePayment.csproj", "{242D3465-5D14-4519-AB9F-1C694C5E837B}"
EndProject
Project("{2150E333-8FDC-42A3-9474-1A3956D46DE8}") = "Gateways", "Gateways", "{354F2DF8-401D-4067-9BA6-A6E13FD65240}"
EndProject
Project("{FAE04EC0-301F-11D3-BF4B-00C04F79EFBC}") = "FreeCourse.Gateway", "Gateway\FreeCourse.Gateway\FreeCourse.Gateway.csproj", "{D0BD9342-3211-492F-BEF4-D38D78DCD81B}"
EndProject
Project("{2150E333-8FDC-42A3-9474-1A3956D46DE8}") = "FrontEnds", "FrontEnds", "{E33004D2-DA49-4809-80F1-3EE2423CC0F9}"
EndProject
Project("{FAE04EC0-301F-11D3-BF4B-00C04F79EFBC}") = "FreeCourse.Web", "Frontends\FreeCourse.Web\FreeCourse.Web.csproj", "{7837CCF4-943D-41D2-98C9-6816905EB84B}"
EndProject
Global
	GlobalSection(SolutionConfigurationPlatforms) = preSolution
		Debug|Any CPU = Debug|Any CPU
		Release|Any CPU = Release|Any CPU
	EndGlobalSection
	GlobalSection(ProjectConfigurationPlatforms) = postSolution
		{65D07D27-30BF-49F5-B228-ED89882AA828}.Debug|Any CPU.ActiveCfg = Debug|Any CPU
		{65D07D27-30BF-49F5-B228-ED89882AA828}.Debug|Any CPU.Build.0 = Debug|Any CPU
		{65D07D27-30BF-49F5-B228-ED89882AA828}.Release|Any CPU.ActiveCfg = Release|Any CPU
		{65D07D27-30BF-49F5-B228-ED89882AA828}.Release|Any CPU.Build.0 = Release|Any CPU
		{B9C4ED0B-96D7-493E-98CF-F7F52087B901}.Debug|Any CPU.ActiveCfg = Debug|Any CPU
		{B9C4ED0B-96D7-493E-98CF-F7F52087B901}.Debug|Any CPU.Build.0 = Debug|Any CPU
		{B9C4ED0B-96D7-493E-98CF-F7F52087B901}.Release|Any CPU.ActiveCfg = Release|Any CPU
		{B9C4ED0B-96D7-493E-98CF-F7F52087B901}.Release|Any CPU.Build.0 = Release|Any CPU
		{15CBB3D4-D9B9-438B-85DC-8BD315F2C4A8}.Debug|Any CPU.ActiveCfg = Debug|Any CPU
		{15CBB3D4-D9B9-438B-85DC-8BD315F2C4A8}.Debug|Any CPU.Build.0 = Debug|Any CPU
		{15CBB3D4-D9B9-438B-85DC-8BD315F2C4A8}.Release|Any CPU.ActiveCfg = Release|Any CPU
		{15CBB3D4-D9B9-438B-85DC-8BD315F2C4A8}.Release|Any CPU.Build.0 = Release|Any CPU
		{9D7EA1EC-DEE2-4F9B-BE09-28BA99CBA07F}.Debug|Any CPU.ActiveCfg = Debug|Any CPU
		{9D7EA1EC-DEE2-4F9B-BE09-28BA99CBA07F}.Debug|Any CPU.Build.0 = Debug|Any CPU
		{9D7EA1EC-DEE2-4F9B-BE09-28BA99CBA07F}.Release|Any CPU.ActiveCfg = Release|Any CPU
		{9D7EA1EC-DEE2-4F9B-BE09-28BA99CBA07F}.Release|Any CPU.Build.0 = Release|Any CPU
		{0DEF6E37-F921-494A-A759-2F427FCFAF85}.Debug|Any CPU.ActiveCfg = Debug|Any CPU
		{0DEF6E37-F921-494A-A759-2F427FCFAF85}.Debug|Any CPU.Build.0 = Debug|Any CPU
		{0DEF6E37-F921-494A-A759-2F427FCFAF85}.Release|Any CPU.ActiveCfg = Release|Any CPU
		{0DEF6E37-F921-494A-A759-2F427FCFAF85}.Release|Any CPU.Build.0 = Release|Any CPU
		{5301D0C4-9751-427E-921A-E66475F54F4C}.Debug|Any CPU.ActiveCfg = Debug|Any CPU
		{5301D0C4-9751-427E-921A-E66475F54F4C}.Debug|Any CPU.Build.0 = Debug|Any CPU
		{5301D0C4-9751-427E-921A-E66475F54F4C}.Release|Any CPU.ActiveCfg = Release|Any CPU
		{5301D0C4-9751-427E-921A-E66475F54F4C}.Release|Any CPU.Build.0 = Release|Any CPU
		{5B4D7D3A-2458-49DB-B68E-7D2822CFCA44}.Debug|Any CPU.ActiveCfg = Debug|Any CPU
		{5B4D7D3A-2458-49DB-B68E-7D2822CFCA44}.Debug|Any CPU.Build.0 = Debug|Any CPU
		{5B4D7D3A-2458-49DB-B68E-7D2822CFCA44}.Release|Any CPU.ActiveCfg = Release|Any CPU
		{5B4D7D3A-2458-49DB-B68E-7D2822CFCA44}.Release|Any CPU.Build.0 = Release|Any CPU
		{56CDF128-E559-48F8-A31E-BB86C2B6DEEB}.Debug|Any CPU.ActiveCfg = Debug|Any CPU
		{56CDF128-E559-48F8-A31E-BB86C2B6DEEB}.Debug|Any CPU.Build.0 = Debug|Any CPU
		{56CDF128-E559-48F8-A31E-BB86C2B6DEEB}.Release|Any CPU.ActiveCfg = Release|Any CPU
		{56CDF128-E559-48F8-A31E-BB86C2B6DEEB}.Release|Any CPU.Build.0 = Release|Any CPU
		{8219DE61-15C7-409B-B531-41D87A3BB09E}.Debug|Any CPU.ActiveCfg = Debug|Any CPU
		{8219DE61-15C7-409B-B531-41D87A3BB09E}.Debug|Any CPU.Build.0 = Debug|Any CPU
		{8219DE61-15C7-409B-B531-41D87A3BB09E}.Release|Any CPU.ActiveCfg = Release|Any CPU
		{8219DE61-15C7-409B-B531-41D87A3BB09E}.Release|Any CPU.Build.0 = Release|Any CPU
		{7A69D985-A1D3-4CB8-B542-392B8DC3F71A}.Debug|Any CPU.ActiveCfg = Debug|Any CPU
		{7A69D985-A1D3-4CB8-B542-392B8DC3F71A}.Debug|Any CPU.Build.0 = Debug|Any CPU
		{7A69D985-A1D3-4CB8-B542-392B8DC3F71A}.Release|Any CPU.ActiveCfg = Release|Any CPU
		{7A69D985-A1D3-4CB8-B542-392B8DC3F71A}.Release|Any CPU.Build.0 = Release|Any CPU
		{2C7CB321-3AF6-4984-B4A0-0842B3AEB55C}.Debug|Any CPU.ActiveCfg = Debug|Any CPU
		{2C7CB321-3AF6-4984-B4A0-0842B3AEB55C}.Debug|Any CPU.Build.0 = Debug|Any CPU
		{2C7CB321-3AF6-4984-B4A0-0842B3AEB55C}.Release|Any CPU.ActiveCfg = Release|Any CPU
		{2C7CB321-3AF6-4984-B4A0-0842B3AEB55C}.Release|Any CPU.Build.0 = Release|Any CPU
		{242D3465-5D14-4519-AB9F-1C694C5E837B}.Debug|Any CPU.ActiveCfg = Debug|Any CPU
		{242D3465-5D14-4519-AB9F-1C694C5E837B}.Debug|Any CPU.Build.0 = Debug|Any CPU
		{242D3465-5D14-4519-AB9F-1C694C5E837B}.Release|Any CPU.ActiveCfg = Release|Any CPU
		{242D3465-5D14-4519-AB9F-1C694C5E837B}.Release|Any CPU.Build.0 = Release|Any CPU
		{D0BD9342-3211-492F-BEF4-D38D78DCD81B}.Debug|Any CPU.ActiveCfg = Debug|Any CPU
		{D0BD9342-3211-492F-BEF4-D38D78DCD81B}.Debug|Any CPU.Build.0 = Debug|Any CPU
		{D0BD9342-3211-492F-BEF4-D38D78DCD81B}.Release|Any CPU.ActiveCfg = Release|Any CPU
		{D0BD9342-3211-492F-BEF4-D38D78DCD81B}.Release|Any CPU.Build.0 = Release|Any CPU
		{7837CCF4-943D-41D2-98C9-6816905EB84B}.Debug|Any CPU.ActiveCfg = Debug|Any CPU
		{7837CCF4-943D-41D2-98C9-6816905EB84B}.Debug|Any CPU.Build.0 = Debug|Any CPU
		{7837CCF4-943D-41D2-98C9-6816905EB84B}.Release|Any CPU.ActiveCfg = Release|Any CPU
		{7837CCF4-943D-41D2-98C9-6816905EB84B}.Release|Any CPU.Build.0 = Release|Any CPU
	EndGlobalSection
	GlobalSection(SolutionProperties) = preSolution
		HideSolutionNode = FALSE
	EndGlobalSection
	GlobalSection(NestedProjects) = preSolution
		{4823F013-B896-40A1-A415-D4EDAA6B6B83} = {D1A193B4-3F7E-481F-AE87-C868C69D7F9A}
		{65D07D27-30BF-49F5-B228-ED89882AA828} = {75BDC28E-F270-49C9-BD89-27EB3861ABB7}
		{B9C4ED0B-96D7-493E-98CF-F7F52087B901} = {4823F013-B896-40A1-A415-D4EDAA6B6B83}
		{15CBB3D4-D9B9-438B-85DC-8BD315F2C4A8} = {986036E8-5DB0-4033-A57A-3D0B7C78172A}
		{83C6D869-1484-4789-A76B-CC5C5E05FCD4} = {D1A193B4-3F7E-481F-AE87-C868C69D7F9A}
		{9D7EA1EC-DEE2-4F9B-BE09-28BA99CBA07F} = {83C6D869-1484-4789-A76B-CC5C5E05FCD4}
		{F900F37C-A086-4DF4-BEBF-47A55E9AD265} = {D1A193B4-3F7E-481F-AE87-C868C69D7F9A}
		{0DEF6E37-F921-494A-A759-2F427FCFAF85} = {F900F37C-A086-4DF4-BEBF-47A55E9AD265}
		{3929FFAF-6B8D-494F-924C-D13F38517BBD} = {D1A193B4-3F7E-481F-AE87-C868C69D7F9A}
		{5301D0C4-9751-427E-921A-E66475F54F4C} = {3929FFAF-6B8D-494F-924C-D13F38517BBD}
		{FF6DE3C0-2355-4A38-B63C-061A3B7EBEDA} = {D1A193B4-3F7E-481F-AE87-C868C69D7F9A}
		{5B4D7D3A-2458-49DB-B68E-7D2822CFCA44} = {FF6DE3C0-2355-4A38-B63C-061A3B7EBEDA}
		{56CDF128-E559-48F8-A31E-BB86C2B6DEEB} = {FF6DE3C0-2355-4A38-B63C-061A3B7EBEDA}
		{8219DE61-15C7-409B-B531-41D87A3BB09E} = {FF6DE3C0-2355-4A38-B63C-061A3B7EBEDA}
		{7A69D985-A1D3-4CB8-B542-392B8DC3F71A} = {FF6DE3C0-2355-4A38-B63C-061A3B7EBEDA}
		{2C7CB321-3AF6-4984-B4A0-0842B3AEB55C} = {FF6DE3C0-2355-4A38-B63C-061A3B7EBEDA}
		{830DFF5D-0F17-4583-9390-E86BFBEEF302} = {D1A193B4-3F7E-481F-AE87-C868C69D7F9A}
		{242D3465-5D14-4519-AB9F-1C694C5E837B} = {830DFF5D-0F17-4583-9390-E86BFBEEF302}
		{D0BD9342-3211-492F-BEF4-D38D78DCD81B} = {354F2DF8-401D-4067-9BA6-A6E13FD65240}
		{7837CCF4-943D-41D2-98C9-6816905EB84B} = {E33004D2-DA49-4809-80F1-3EE2423CC0F9}
	EndGlobalSection
	GlobalSection(ExtensibilityGlobals) = postSolution
		SolutionGuid = {BEE7C56F-C77D-4502-962F-D6767E0179C5}
	EndGlobalSection
EndGlobal
